---
- - test/spec/fixtures/repos/java/java-overlay-test
  - 81c727012fd6ea55145492a703907b469c839d5b
- - test/spec/fixtures/repos/java/java-servlets-sample
  - 62065a658992ada1ac5fd5cf87096cf0e1364931
- - test/spec/fixtures/repos/java/korvan
  - bc4259da310c2b2f4f4cc77c901450d4459503f5
- - test/spec/fixtures/repos/java/webapp-runner-sample
  - 4e86477f01f0d15323ee871a1e223dcc4ce3fdbd
